
Microsoft Visual Studio Solution File, Format Version 12.00
# Visual Studio 15
VisualStudioVersion = 15.0.28307.168
MinimumVisualStudioVersion = 10.0.40219.1
Project("{FAE04EC0-301F-11D3-BF4B-00C04F79EFBC}") = "LiveTree", "LiveTree\LiveTree.csproj", "{841F955D-D31E-47B7-AC57-3A69F71E6356}"
EndProject
Global
	GlobalSection(SolutionConfigurationPlatforms) = preSolution
		Debug|Any CPU = Debug|Any CPU
		Release|Any CPU = Release|Any CPU
	EndGlobalSection
	GlobalSection(ProjectConfigurationPlatforms) = postSolution
		{841F955D-D31E-47B7-AC57-3A69F71E6356}.Debug|Any CPU.ActiveCfg = Debug|Any CPU
		{841F955D-D31E-47B7-AC57-3A69F71E6356}.Debug|Any CPU.Build.0 = Debug|Any CPU
		{841F955D-D31E-47B7-AC57-3A69F71E6356}.Release|Any CPU.ActiveCfg = Release|Any CPU
		{841F955D-D31E-47B7-AC57-3A69F71E6356}.Release|Any CPU.Build.0 = Release|Any CPU
	EndGlobalSection
	GlobalSection(SolutionProperties) = preSolution
		HideSolutionNode = FALSE
	EndGlobalSection
	GlobalSection(ExtensibilityGlobals) = postSolution
		SolutionGuid = {741217CD-4CAD-4338-8ADA-2DB34E83E4E0}
	EndGlobalSection
EndGlobal
